# THIS IS AN AUTOGENERATED FILE. DO NOT EDIT THIS FILE DIRECTLY.
# yarn lockfile v1


"@babel/runtime@^7.8.7":
  version "7.9.6"
  resolved "https://registry.yarnpkg.com/@babel/runtime/-/runtime-7.9.6.tgz#a9102eb5cadedf3f31d08a9ecf294af7827ea29f"
  integrity sha512-64AF1xY3OAkFHqOb9s4jpgk1Mm5vDZ4L3acHvAml+53nO1XbXLuDodsVpO4OIUsmemlUHMxNdYMNJmsvOwLrvQ==
  dependencies:
    regenerator-runtime "^0.13.4"

polished@^3.5.2:
  version "3.5.2"
  resolved "https://registry.yarnpkg.com/polished/-/polished-3.5.2.tgz#ca132b8cd68f7ffa95ae9d423f03e7a14fda1062"
  integrity sha512-vWoRDg3gY5RQBtUfcj9MRN10VCIf4EkdUikGxyXItg2Hnwk+eIVtdBiLajN0ldFeT3Vq4r/QNbjrQdhqBKrTug==
  dependencies:
    "@babel/runtime" "^7.8.7"

regenerator-runtime@^0.13.4:
  version "0.13.5"
  resolved "https://registry.yarnpkg.com/regenerator-runtime/-/regenerator-runtime-0.13.5.tgz#d878a1d094b4306d10b9096484b33ebd55e26697"
  integrity sha512-ZS5w8CpKFinUzOwW3c83oPeVXoNsrLsaCoLtJvAClH135j/R77RuymhiSErhm2lKcwSCIpmvIWSbDkIfAqKQlA==
